
Microsoft Visual Studio Solution File, Format Version 12.00
# Visual Studio 15
VisualStudioVersion = 15.0.28307.1000
MinimumVisualStudioVersion = 10.0.40219.1
Project("{8BC9CEB8-8B4A-11D0-8D11-00A0C91BC942}") = "libchash", "src\libchash.vcxproj", "{9AF97B90-D1E0-439E-BBEA-CB2D5D25A6AD}"
EndProject
Project("{8BC9CEB8-8B4A-11D0-8D11-00A0C91BC942}") = "example", "example\example.vcxproj", "{E9B270C7-11A1-4182-869D-EE55B88B7DD8}"
	ProjectSection(ProjectDependencies) = postProject
		{9AF97B90-D1E0-439E-BBEA-CB2D5D25A6AD} = {9AF97B90-D1E0-439E-BBEA-CB2D5D25A6AD}
	EndProjectSection
EndProject
Global
	GlobalSection(SolutionConfigurationPlatforms) = preSolution
		Debug|x64 = Debug|x64
		Debug|x86 = Debug|x86
		Release|x64 = Release|x64
		Release|x86 = Release|x86
	EndGlobalSection
	GlobalSection(ProjectConfigurationPlatforms) = postSolution
		{9AF97B90-D1E0-439E-BBEA-CB2D5D25A6AD}.Debug|x64.ActiveCfg = Debug|x64
		{9AF97B90-D1E0-439E-BBEA-CB2D5D25A6AD}.Debug|x64.Build.0 = Debug|x64
		{9AF97B90-D1E0-439E-BBEA-CB2D5D25A6AD}.Debug|x86.ActiveCfg = Debug|Win32
		{9AF97B90-D1E0-439E-BBEA-CB2D5D25A6AD}.Debug|x86.Build.0 = Debug|Win32
		{9AF97B90-D1E0-439E-BBEA-CB2D5D25A6AD}.Release|x64.ActiveCfg = Release|x64
		{9AF97B90-D1E0-439E-BBEA-CB2D5D25A6AD}.Release|x64.Build.0 = Release|x64
		{9AF97B90-D1E0-439E-BBEA-CB2D5D25A6AD}.Release|x86.ActiveCfg = Release|Win32
		{9AF97B90-D1E0-439E-BBEA-CB2D5D25A6AD}.Release|x86.Build.0 = Release|Win32
		{E9B270C7-11A1-4182-869D-EE55B88B7DD8}.Debug|x64.ActiveCfg = Debug|x64
		{E9B270C7-11A1-4182-869D-EE55B88B7DD8}.Debug|x64.Build.0 = Debug|x64
		{E9B270C7-11A1-4182-869D-EE55B88B7DD8}.Debug|x86.ActiveCfg = Debug|Win32
		{E9B270C7-11A1-4182-869D-EE55B88B7DD8}.Debug|x86.Build.0 = Debug|Win32
		{E9B270C7-11A1-4182-869D-EE55B88B7DD8}.Release|x64.ActiveCfg = Release|x64
		{E9B270C7-11A1-4182-869D-EE55B88B7DD8}.Release|x64.Build.0 = Release|x64
		{E9B270C7-11A1-4182-869D-EE55B88B7DD8}.Release|x86.ActiveCfg = Release|Win32
		{E9B270C7-11A1-4182-869D-EE55B88B7DD8}.Release|x86.Build.0 = Release|Win32
	EndGlobalSection
	GlobalSection(SolutionProperties) = preSolution
		HideSolutionNode = FALSE
	EndGlobalSection
	GlobalSection(ExtensibilityGlobals) = postSolution
		SolutionGuid = {F5BF9393-73DF-4629-B3B9-670B5FC7B91B}
	EndGlobalSection
EndGlobal
