<?xml version="1.0" encoding="utf-8"?>
<Project ToolsVersion="4.0" xmlns="http://schemas.microsoft.com/developer/msbuild/2003">
  <ItemGroup>
    <ClCompile Include="chash\chash.cpp">
      <Filter>chash</Filter>
    </ClCompile>
    <ClCompile Include="chash\crc\crc64.cpp">
      <Filter>chash\crc</Filter>
    </ClCompile>
    <ClCompile Include="chash\crc\crc32.cpp">
      <Filter>chash\crc</Filter>
    </ClCompile>
    <ClCompile Include="chash\crc\crc16.cpp">
      <Filter>chash\crc</Filter>
    </ClCompile>
    <ClCompile Include="chash\md\md4.cpp">
      <Filter>chash\md</Filter>
    </ClCompile>
    <ClCompile Include="chash\md\md5.cpp">
      <Filter>chash\md</Filter>
    </ClCompile>
    <ClCompile Include="chash\ripemd\ripemd160.cpp">
      <Filter>chash\ripemd</Filter>
    </ClCompile>
    <ClCompile Include="chash\ripemd\ripemd128.cpp">
      <Filter>chash\ripemd</Filter>
    </ClCompile>
    <ClCompile Include="chash\sha\sha256.cpp">
      <Filter>chash\sha</Filter>
    </ClCompile>
    <ClCompile Include="chash\sha\sha384.cpp">
      <Filter>chash\sha</Filter>
    </ClCompile>
    <ClCompile Include="chash\sha\sha512.cpp">
      <Filter>chash\sha</Filter>
    </ClCompile>
  </ItemGroup>
  <ItemGroup>
    <ClInclude Include="chash\chash.hpp">
      <Filter>chash</Filter>
    </ClInclude>
    <ClInclude Include="chash\crc\crc64.hpp">
      <Filter>chash\crc</Filter>
    </ClInclude>
    <ClInclude Include="chash\crc\crc32.hpp">
      <Filter>chash\crc</Filter>
    </ClInclude>
    <ClInclude Include="chash\crc\crc16.hpp">
      <Filter>chash\crc</Filter>
    </ClInclude>
    <ClInclude Include="chash\md\md4.hpp">
      <Filter>chash\md</Filter>
    </ClInclude>
    <ClInclude Include="chash\md\md5.hpp">
      <Filter>chash\md</Filter>
    </ClInclude>
    <ClInclude Include="chash\ripemd\ripemd160.hpp">
      <Filter>chash\ripemd</Filter>
    </ClInclude>
    <ClInclude Include="chash\ripemd\ripemd128.hpp">
      <Filter>chash\ripemd</Filter>
    </ClInclude>
    <ClInclude Include="chash\sha\sha256.hpp">
      <Filter>chash\sha</Filter>
    </ClInclude>
    <ClInclude Include="chash\sha\sha384.hpp">
      <Filter>chash\sha</Filter>
    </ClInclude>
    <ClInclude Include="chash\sha\sha512.hpp">
      <Filter>chash\sha</Filter>
    </ClInclude>
    <ClInclude Include="chash\hash_function.hpp">
      <Filter>chash</Filter>
    </ClInclude>
    <ClInclude Include="chash\boilerplate.hpp">
      <Filter>chash</Filter>
    </ClInclude>
    <ClInclude Include="chash\hmac_function.hpp">
      <Filter>chash</Filter>
    </ClInclude>
    <ClInclude Include="chash\hmac\hmac_impl.hpp">
      <Filter>chash\hmac</Filter>
    </ClInclude>
    <ClInclude Include="chash\hmac\hmac_md.hpp">
      <Filter>chash\hmac</Filter>
    </ClInclude>
    <ClInclude Include="chash\hmac\hmac_sha.hpp">
      <Filter>chash\hmac</Filter>
    </ClInclude>
    <ClInclude Include="chash\hmac\hmac_ripemd.hpp">
      <Filter>chash\hmac</Filter>
    </ClInclude>
    <ClInclude Include="chash\hmac\hmac_crc.hpp">
      <Filter>chash\hmac</Filter>
    </ClInclude>
    <ClInclude Include="chash\pbkdf2_function.hpp">
      <Filter>chash</Filter>
    </ClInclude>
  </ItemGroup>
  <ItemGroup>
    <Filter Include="chash">
      <UniqueIdentifier>{a4c9c8a0-640e-4335-bc63-005158807b64}</UniqueIdentifier>
    </Filter>
    <Filter Include="chash\crc">
      <UniqueIdentifier>{f1148e02-c82b-4a71-b32b-c8dc4398f190}</UniqueIdentifier>
    </Filter>
    <Filter Include="chash\md">
      <UniqueIdentifier>{a53a4718-5097-48c7-8d78-3ead0ac48541}</UniqueIdentifier>
    </Filter>
    <Filter Include="chash\sha">
      <UniqueIdentifier>{69002949-5cae-4ce6-9f29-1219869b6fec}</UniqueIdentifier>
    </Filter>
    <Filter Include="chash\ripemd">
      <UniqueIdentifier>{f5846dbc-993b-40a4-926d-f6d3327360d8}</UniqueIdentifier>
    </Filter>
    <Filter Include="package">
      <UniqueIdentifier>{35ba3730-1253-4ca9-aa4c-d2bf71e5fe2f}</UniqueIdentifier>
    </Filter>
    <Filter Include="package\DEBIAN">
      <UniqueIdentifier>{605806eb-4e1f-4bd2-98f8-f5ae8ef28ec8}</UniqueIdentifier>
    </Filter>
    <Filter Include="chash\hmac">
      <UniqueIdentifier>{da0ddfa6-b96c-4410-8209-c54028bc5d45}</UniqueIdentifier>
    </Filter>
  </ItemGroup>
  <ItemGroup>
    <None Include="..\Makefile" />
    <None Include="..\README.md" />
    <None Include="..\LICENSE" />
    <None Include="..\package\DEBIAN\control">
      <Filter>package\DEBIAN</Filter>
    </None>
    <None Include="..\mkdeb.sh" />
  </ItemGroup>
</Project>